PODS:
  - Alamofire (5.4.3)
  - Moya/Combine (15.0.0-alpha.1):
    - Moya/Core
  - Moya/Core (15.0.0-alpha.1):
    - Alamofire (~> 5.0)

DEPENDENCIES:
  - Moya/Combine (~> 15.0.0-alpha.1)

SPEC REPOS:
  trunk:
    - Alamofire
    - Moya

SPEC CHECKSUMS:
  Alamofire: e447a2774a40c996748296fa2c55112fdbbc42f9
  Moya: 101c94dfb29289736ecd20fa6e82bea665e0671b

PODFILE CHECKSUM: 32c46d1c808e6eeab316d26429903d3ed30b0d97

COCOAPODS: 1.10.1
